
Microsoft Visual Studio Solution File, Format Version 12.00
# Visual Studio Version 16
VisualStudioVersion = 25.0.1704.2
MinimumVisualStudioVersion = 10.0.40219.1
Project("{FAE04EC0-301F-11D3-BF4B-00C04F79EFBC}") = "calculator", "calculator\calculator.csproj", "{08B00042-0DEA-4134-9FA1-7D7C6D916EC0}"
EndProject
Global
	GlobalSection(SolutionConfigurationPlatforms) = preSolution
		Debug|Any CPU = Debug|Any CPU
		Release|Any CPU = Release|Any CPU
	EndGlobalSection
	GlobalSection(ProjectConfigurationPlatforms) = postSolution
		{08B00042-0DEA-4134-9FA1-7D7C6D916EC0}.Debug|Any CPU.ActiveCfg = Debug|Any CPU
		{08B00042-0DEA-4134-9FA1-7D7C6D916EC0}.Debug|Any CPU.Build.0 = Debug|Any CPU
		{08B00042-0DEA-4134-9FA1-7D7C6D916EC0}.Release|Any CPU.ActiveCfg = Release|Any CPU
		{08B00042-0DEA-4134-9FA1-7D7C6D916EC0}.Release|Any CPU.Build.0 = Release|Any CPU
	EndGlobalSection
	GlobalSection(SolutionProperties) = preSolution
		HideSolutionNode = FALSE
	EndGlobalSection
	GlobalSection(ExtensibilityGlobals) = postSolution
		SolutionGuid = {E05BE52C-B8C1-4BB5-9F87-9D265427F660}
	EndGlobalSection
EndGlobal
